
Microsoft Visual Studio Solution File, Format Version 12.00
# Visual Studio 15
VisualStudioVersion = 15.0.26730.12
MinimumVisualStudioVersion = 10.0.40219.1
Project("{FAE04EC0-301F-11D3-BF4B-00C04F79EFBC}") = "SingletonApp", "SingletonApp\SingletonApp.csproj", "{CDBDA7CE-77F7-401A-B642-70BC3883EC9B}"
EndProject
Global
	GlobalSection(SolutionConfigurationPlatforms) = preSolution
		Debug|Any CPU = Debug|Any CPU
		Release|Any CPU = Release|Any CPU
	EndGlobalSection
	GlobalSection(ProjectConfigurationPlatforms) = postSolution
		{CDBDA7CE-77F7-401A-B642-70BC3883EC9B}.Debug|Any CPU.ActiveCfg = Debug|Any CPU
		{CDBDA7CE-77F7-401A-B642-70BC3883EC9B}.Debug|Any CPU.Build.0 = Debug|Any CPU
		{CDBDA7CE-77F7-401A-B642-70BC3883EC9B}.Release|Any CPU.ActiveCfg = Release|Any CPU
		{CDBDA7CE-77F7-401A-B642-70BC3883EC9B}.Release|Any CPU.Build.0 = Release|Any CPU
	EndGlobalSection
	GlobalSection(SolutionProperties) = preSolution
		HideSolutionNode = FALSE
	EndGlobalSection
	GlobalSection(ExtensibilityGlobals) = postSolution
		SolutionGuid = {00BF91DE-5875-4013-8C3D-A96902C08865}
	EndGlobalSection
EndGlobal
